
Microsoft Visual Studio Solution File, Format Version 12.00
Project("{FAE04EC0-301F-11D3-BF4B-00C04F79EFBC}") = "HotstarGen", "HotstarGen\HotstarGen.csproj", "{A554B94E-00F3-41E3-BB55-C9D1420C9604}"
EndProject
Project("{FAE04EC0-301F-11D3-BF4B-00C04F79EFBC}") = "HotstarGen.Hash.Web", "HotstarGen.Hash.Web\HotstarGen.Hash.Web.csproj", "{88322A90-7884-43BA-A17B-0C1D8A954C97}"
EndProject
Global
	GlobalSection(SolutionConfigurationPlatforms) = preSolution
		Debug|Any CPU = Debug|Any CPU
		Release|Any CPU = Release|Any CPU
	EndGlobalSection
	GlobalSection(ProjectConfigurationPlatforms) = postSolution
		{A554B94E-00F3-41E3-BB55-C9D1420C9604}.Debug|Any CPU.ActiveCfg = Debug|Any CPU
		{A554B94E-00F3-41E3-BB55-C9D1420C9604}.Debug|Any CPU.Build.0 = Debug|Any CPU
		{A554B94E-00F3-41E3-BB55-C9D1420C9604}.Release|Any CPU.ActiveCfg = Release|Any CPU
		{A554B94E-00F3-41E3-BB55-C9D1420C9604}.Release|Any CPU.Build.0 = Release|Any CPU
		{88322A90-7884-43BA-A17B-0C1D8A954C97}.Debug|Any CPU.ActiveCfg = Debug|Any CPU
		{88322A90-7884-43BA-A17B-0C1D8A954C97}.Debug|Any CPU.Build.0 = Debug|Any CPU
		{88322A90-7884-43BA-A17B-0C1D8A954C97}.Release|Any CPU.ActiveCfg = Release|Any CPU
		{88322A90-7884-43BA-A17B-0C1D8A954C97}.Release|Any CPU.Build.0 = Release|Any CPU
	EndGlobalSection
EndGlobal
